
Microsoft Visual Studio Solution File, Format Version 12.00
# Visual Studio Version 16
VisualStudioVersion = 16.0.31025.194
MinimumVisualStudioVersion = 10.0.40219.1
Project("{9A19103F-16F7-4668-BE54-9A1E7A4F7556}") = "ExemploMVC", "ExemploMVC\ExemploMVC.csproj", "{4D501A83-1409-453E-854F-1D26AF43EB54}"
EndProject
Project("{FAE04EC0-301F-11D3-BF4B-00C04F79EFBC}") = "ExemploAPI", "ExemploAPI\ExemploAPI.csproj", "{D1AB116F-000F-4445-9B48-4AF33275E087}"
EndProject
Global
	GlobalSection(SolutionConfigurationPlatforms) = preSolution
		Debug|Any CPU = Debug|Any CPU
		Release|Any CPU = Release|Any CPU
	EndGlobalSection
	GlobalSection(ProjectConfigurationPlatforms) = postSolution
		{4D501A83-1409-453E-854F-1D26AF43EB54}.Debug|Any CPU.ActiveCfg = Debug|Any CPU
		{4D501A83-1409-453E-854F-1D26AF43EB54}.Debug|Any CPU.Build.0 = Debug|Any CPU
		{4D501A83-1409-453E-854F-1D26AF43EB54}.Release|Any CPU.ActiveCfg = Release|Any CPU
		{4D501A83-1409-453E-854F-1D26AF43EB54}.Release|Any CPU.Build.0 = Release|Any CPU
		{D1AB116F-000F-4445-9B48-4AF33275E087}.Debug|Any CPU.ActiveCfg = Debug|Any CPU
		{D1AB116F-000F-4445-9B48-4AF33275E087}.Debug|Any CPU.Build.0 = Debug|Any CPU
		{D1AB116F-000F-4445-9B48-4AF33275E087}.Release|Any CPU.ActiveCfg = Release|Any CPU
		{D1AB116F-000F-4445-9B48-4AF33275E087}.Release|Any CPU.Build.0 = Release|Any CPU
	EndGlobalSection
	GlobalSection(SolutionProperties) = preSolution
		HideSolutionNode = FALSE
	EndGlobalSection
	GlobalSection(ExtensibilityGlobals) = postSolution
		SolutionGuid = {B7D0E7FF-C34F-49E5-ACCA-00DA91777E8E}
	EndGlobalSection
EndGlobal
